
Microsoft Visual Studio Solution File, Format Version 12.00
# Visual Studio Version 17
VisualStudioVersion = 17.14.36109.1
MinimumVisualStudioVersion = 10.0.40219.1
Project("{2150E333-8FDC-42A3-9474-1A3956D46DE8}") = "1-Presentation", "1-Presentation", "{02EA681E-C7D8-13C7-8484-4AC65E1B71E8}"
EndProject
Project("{2150E333-8FDC-42A3-9474-1A3956D46DE8}") = "2-Application", "2-Application", "{3BB6B066-C822-4FF4-9E24-DAB5BA206C24}"
EndProject
Project("{2150E333-8FDC-42A3-9474-1A3956D46DE8}") = "3-Domain", "3-Domain", "{28255C47-4BDB-4309-8FC5-2D34924FA5CE}"
EndProject
Project("{2150E333-8FDC-42A3-9474-1A3956D46DE8}") = "4-Infra", "4-Infra", "{85208A67-855D-4D71-9D26-AD54FCA6CA91}"
EndProject
Project("{FAE04EC0-301F-11D3-BF4B-00C04F79EFBC}") = "SagaPedidos.Domain", "SagaPedidos.Domain\SagaPedidos.Domain.csproj", "{C0A2B8C2-0C03-4232-86F9-AAC94F487481}"
EndProject
Project("{FAE04EC0-301F-11D3-BF4B-00C04F79EFBC}") = "SagaPedidos.Application", "SagaPedidos.Application\SagaPedidos.Application.csproj", "{FB3A4386-BA7D-4957-9F7B-08E1A071A953}"
EndProject
Project("{FAE04EC0-301F-11D3-BF4B-00C04F79EFBC}") = "SagaPedidos.Infra", "SagaPedidos.Infra\SagaPedidos.Infra.csproj", "{D5597700-46CD-49B7-8B67-F9EDB60380CC}"
EndProject
Project("{FAE04EC0-301F-11D3-BF4B-00C04F79EFBC}") = "SagaPedidos.Presentation", "SagaPedidos.Presentation\SagaPedidos.Presentation.csproj", "{B386A398-F772-4855-8543-A96F018B3439}"
EndProject
Project("{2150E333-8FDC-42A3-9474-1A3956D46DE8}") = "Documentação", "Documentação", "{BB7340F3-9827-433E-8398-14856E78623D}"
	ProjectSection(SolutionItems) = preProject
		documentacao-arquitetura.md = documentacao-arquitetura.md
		planejanmento-apis.md = planejanmento-apis.md
	EndProjectSection
EndProject
Global
	GlobalSection(SolutionConfigurationPlatforms) = preSolution
		Debug|Any CPU = Debug|Any CPU
		Release|Any CPU = Release|Any CPU
	EndGlobalSection
	GlobalSection(ProjectConfigurationPlatforms) = postSolution
		{C0A2B8C2-0C03-4232-86F9-AAC94F487481}.Debug|Any CPU.ActiveCfg = Debug|Any CPU
		{C0A2B8C2-0C03-4232-86F9-AAC94F487481}.Debug|Any CPU.Build.0 = Debug|Any CPU
		{C0A2B8C2-0C03-4232-86F9-AAC94F487481}.Release|Any CPU.ActiveCfg = Release|Any CPU
		{C0A2B8C2-0C03-4232-86F9-AAC94F487481}.Release|Any CPU.Build.0 = Release|Any CPU
		{FB3A4386-BA7D-4957-9F7B-08E1A071A953}.Debug|Any CPU.ActiveCfg = Debug|Any CPU
		{FB3A4386-BA7D-4957-9F7B-08E1A071A953}.Debug|Any CPU.Build.0 = Debug|Any CPU
		{FB3A4386-BA7D-4957-9F7B-08E1A071A953}.Release|Any CPU.ActiveCfg = Release|Any CPU
		{FB3A4386-BA7D-4957-9F7B-08E1A071A953}.Release|Any CPU.Build.0 = Release|Any CPU
		{D5597700-46CD-49B7-8B67-F9EDB60380CC}.Debug|Any CPU.ActiveCfg = Debug|Any CPU
		{D5597700-46CD-49B7-8B67-F9EDB60380CC}.Debug|Any CPU.Build.0 = Debug|Any CPU
		{D5597700-46CD-49B7-8B67-F9EDB60380CC}.Release|Any CPU.ActiveCfg = Release|Any CPU
		{D5597700-46CD-49B7-8B67-F9EDB60380CC}.Release|Any CPU.Build.0 = Release|Any CPU
		{B386A398-F772-4855-8543-A96F018B3439}.Debug|Any CPU.ActiveCfg = Debug|Any CPU
		{B386A398-F772-4855-8543-A96F018B3439}.Debug|Any CPU.Build.0 = Debug|Any CPU
		{B386A398-F772-4855-8543-A96F018B3439}.Release|Any CPU.ActiveCfg = Release|Any CPU
		{B386A398-F772-4855-8543-A96F018B3439}.Release|Any CPU.Build.0 = Release|Any CPU
	EndGlobalSection
	GlobalSection(SolutionProperties) = preSolution
		HideSolutionNode = FALSE
	EndGlobalSection
	GlobalSection(NestedProjects) = preSolution
		{C0A2B8C2-0C03-4232-86F9-AAC94F487481} = {28255C47-4BDB-4309-8FC5-2D34924FA5CE}
		{FB3A4386-BA7D-4957-9F7B-08E1A071A953} = {3BB6B066-C822-4FF4-9E24-DAB5BA206C24}
		{D5597700-46CD-49B7-8B67-F9EDB60380CC} = {85208A67-855D-4D71-9D26-AD54FCA6CA91}
		{B386A398-F772-4855-8543-A96F018B3439} = {02EA681E-C7D8-13C7-8484-4AC65E1B71E8}
	EndGlobalSection
	GlobalSection(ExtensibilityGlobals) = postSolution
		SolutionGuid = {5E150A34-B2CF-4354-AC87-D0867E367DE9}
	EndGlobalSection
EndGlobal
